
Microsoft Visual Studio Solution File, Format Version 12.00
# Visual Studio Version 17
VisualStudioVersion = 17.14.36414.22 d17.14
MinimumVisualStudioVersion = 10.0.40219.1
Project("{8BC9CEB8-8B4A-11D0-8D11-00A0C91BC942}") = "DataStructure", "DataStructure\DataStructure.vcxproj", "{6FB6FA99-811F-4B8A-A2A3-4E1DEABF4978}"
EndProject
Global
	GlobalSection(SolutionConfigurationPlatforms) = preSolution
		Debug|x64 = Debug|x64
		Debug|x86 = Debug|x86
		Release|x64 = Release|x64
		Release|x86 = Release|x86
	EndGlobalSection
	GlobalSection(ProjectConfigurationPlatforms) = postSolution
		{6FB6FA99-811F-4B8A-A2A3-4E1DEABF4978}.Debug|x64.ActiveCfg = Debug|x64
		{6FB6FA99-811F-4B8A-A2A3-4E1DEABF4978}.Debug|x64.Build.0 = Debug|x64
		{6FB6FA99-811F-4B8A-A2A3-4E1DEABF4978}.Debug|x86.ActiveCfg = Debug|Win32
		{6FB6FA99-811F-4B8A-A2A3-4E1DEABF4978}.Debug|x86.Build.0 = Debug|Win32
		{6FB6FA99-811F-4B8A-A2A3-4E1DEABF4978}.Release|x64.ActiveCfg = Release|x64
		{6FB6FA99-811F-4B8A-A2A3-4E1DEABF4978}.Release|x64.Build.0 = Release|x64
		{6FB6FA99-811F-4B8A-A2A3-4E1DEABF4978}.Release|x86.ActiveCfg = Release|Win32
		{6FB6FA99-811F-4B8A-A2A3-4E1DEABF4978}.Release|x86.Build.0 = Release|Win32
	EndGlobalSection
	GlobalSection(SolutionProperties) = preSolution
		HideSolutionNode = FALSE
	EndGlobalSection
	GlobalSection(ExtensibilityGlobals) = postSolution
		SolutionGuid = {66EDA182-60F3-4E71-9515-5182D5234A9C}
	EndGlobalSection
EndGlobal
